{
  "version": 4,
  "terraform_version": "1.14.8",
  "serial": 25,
  "lineage": "824f692b-ce02-75f1-1095-238986f98aa5",
  "outputs": {},
  "resources": [
    {
      "mode": "managed",
      "type": "docker_container",
      "name": "candidate",
      "provider": "provider[\"registry.terraform.io/kreuzwerker/docker\"]",
      "instances": [
        {
          "schema_version": 2,
          "attributes": {
            "attach": false,
            "bridge": "",
            "capabilities": [],
            "cgroup_parent": null,
            "cgroupns_mode": null,
            "command": [
              "uvicorn",
              "app.main:app",
              "--host",
              "0.0.0.0",
              "--port",
              "80"
            ],
            "container_logs": null,
            "container_read_refresh_timeout_milliseconds": 15000,
            "cpu_period": null,
            "cpu_quota": null,
            "cpu_set": "",
            "cpu_shares": 0,
            "cpus": null,
            "destroy_grace_seconds": null,
            "device_read_bps": [],
            "device_read_iops": [],
            "device_requests": [],
            "device_write_bps": [],
            "device_write_iops": [],
            "devices": [],
            "dns": [],
            "dns_opts": [],
            "dns_search": [],
            "domainname": "",
            "entrypoint": [],
            "env": [
              "NODE_ENV=CANDIDATE_TEST"
            ],
            "exit_code": null,
            "gpus": null,
            "group_add": [],
            "healthcheck": [],
            "host": [],
            "hostname": "7d11d1715698",
            "id": "7d11d1715698821d84c53bb0d3d2c4a9390704ccff1392eba15ef266ef1c4970",
            "image": "tiangolo/uvicorn-gunicorn-fastapi:python3.9-slim",
            "init": false,
            "ipc_mode": "private",
            "labels": [],
            "log_driver": "json-file",
            "log_opts": {},
            "logs": false,
            "max_retry_count": 0,
            "memory": 0,
            "memory_reservation": 0,
            "memory_swap": 0,
            "mounts": [],
            "must_run": true,
            "name": "candidate_llm",
            "network_data": [
              {
                "gateway": "172.17.0.1",
                "global_ipv6_address": "",
                "global_ipv6_prefix_length": 0,
                "ip_address": "172.17.0.2",
                "ip_prefix_length": 16,
                "ipv6_gateway": "",
                "mac_address": "92:d9:10:ac:27:a6",
                "network_name": "bridge"
              }
            ],
            "network_mode": "bridge",
            "networks_advanced": [],
            "pid_mode": "",
            "ports": [
              {
                "external": 4041,
                "internal": 80,
                "ip": "0.0.0.0",
                "protocol": "tcp"
              }
            ],
            "privileged": false,
            "publish_all_ports": false,
            "read_only": false,
            "remove_volumes": true,
            "restart": "no",
            "rm": false,
            "runtime": "runc",
            "security_opts": [],
            "shm_size": 64,
            "start": true,
            "stdin_open": false,
            "stop_signal": "",
            "stop_timeout": 1,
            "storage_opts": {},
            "sysctls": {},
            "timeouts": null,
            "tmpfs": {},
            "tty": false,
            "ulimit": [],
            "upload": [],
            "user": "",
            "userns_mode": "",
            "volumes": [
              {
                "container_path": "/app",
                "from_container": "",
                "host_path": "/Users/adi/Desktop/Terraformer",
                "read_only": false,
                "selinux_relabel": "",
                "volume_name": ""
              }
            ],
            "wait": false,
            "wait_timeout": 60,
            "working_dir": "/app/"
          },
          "sensitive_attributes": [],
          "identity_schema_version": 0,
          "private": "eyJlMmJmYjczMC1lY2FhLTExZTYtOGY4OC0zNDM2M2JjN2M0YzAiOnsiY3JlYXRlIjoxMjAwMDAwMDAwMDAwLCJkZWxldGUiOjEyMDAwMDAwMDAwMDAsInVwZGF0ZSI6MTIwMDAwMDAwMDAwMH0sInNjaGVtYV92ZXJzaW9uIjoiMiJ9"
        }
      ]
    },
    {
      "mode": "managed",
      "type": "docker_container",
      "name": "stable",
      "provider": "provider[\"registry.terraform.io/kreuzwerker/docker\"]",
      "instances": [
        {
          "schema_version": 2,
          "attributes": {
            "attach": false,
            "bridge": "",
            "capabilities": [],
            "cgroup_parent": null,
            "cgroupns_mode": null,
            "command": [
              "uvicorn",
              "app.main:app",
              "--host",
              "0.0.0.0",
              "--port",
              "80"
            ],
            "container_logs": null,
            "container_read_refresh_timeout_milliseconds": 15000,
            "cpu_period": null,
            "cpu_quota": null,
            "cpu_set": "",
            "cpu_shares": 0,
            "cpus": null,
            "destroy_grace_seconds": null,
            "device_read_bps": [],
            "device_read_iops": [],
            "device_requests": [],
            "device_write_bps": [],
            "device_write_iops": [],
            "devices": [],
            "dns": [],
            "dns_opts": [],
            "dns_search": [],
            "domainname": "",
            "entrypoint": [],
            "env": [
              "NODE_ENV=STABLE_PROD"
            ],
            "exit_code": null,
            "gpus": null,
            "group_add": [],
            "healthcheck": [],
            "host": [],
            "hostname": "ff6837cb70bb",
            "id": "ff6837cb70bbb534609cda3ec2bfb233203e30c11a0c898a4da42d086f517558",
            "image": "tiangolo/uvicorn-gunicorn-fastapi:python3.9-slim",
            "init": false,
            "ipc_mode": "private",
            "labels": [],
            "log_driver": "json-file",
            "log_opts": {},
            "logs": false,
            "max_retry_count": 0,
            "memory": 0,
            "memory_reservation": 0,
            "memory_swap": 0,
            "mounts": [],
            "must_run": true,
            "name": "stable_llm",
            "network_data": [
              {
                "gateway": "172.17.0.1",
                "global_ipv6_address": "",
                "global_ipv6_prefix_length": 0,
                "ip_address": "172.17.0.3",
                "ip_prefix_length": 16,
                "ipv6_gateway": "",
                "mac_address": "16:0f:45:f9:a2:42",
                "network_name": "bridge"
              }
            ],
            "network_mode": "bridge",
            "networks_advanced": [],
            "pid_mode": "",
            "ports": [
              {
                "external": 4040,
                "internal": 80,
                "ip": "0.0.0.0",
                "protocol": "tcp"
              }
            ],
            "privileged": false,
            "publish_all_ports": false,
            "read_only": false,
            "remove_volumes": true,
            "restart": "no",
            "rm": false,
            "runtime": "runc",
            "security_opts": [],
            "shm_size": 64,
            "start": true,
            "stdin_open": false,
            "stop_signal": "",
            "stop_timeout": 1,
            "storage_opts": {},
            "sysctls": {},
            "timeouts": null,
            "tmpfs": {},
            "tty": false,
            "ulimit": [],
            "upload": [],
            "user": "",
            "userns_mode": "",
            "volumes": [
              {
                "container_path": "/app",
                "from_container": "",
                "host_path": "/Users/adi/Desktop/Terraformer",
                "read_only": false,
                "selinux_relabel": "",
                "volume_name": ""
              }
            ],
            "wait": false,
            "wait_timeout": 60,
            "working_dir": "/app/"
          },
          "sensitive_attributes": [],
          "identity_schema_version": 0,
          "private": "eyJlMmJmYjczMC1lY2FhLTExZTYtOGY4OC0zNDM2M2JjN2M0YzAiOnsiY3JlYXRlIjoxMjAwMDAwMDAwMDAwLCJkZWxldGUiOjEyMDAwMDAwMDAwMDAsInVwZGF0ZSI6MTIwMDAwMDAwMDAwMH0sInNjaGVtYV92ZXJzaW9uIjoiMiJ9"
        }
      ]
    },
    {
      "mode": "managed",
      "type": "docker_image",
      "name": "api_framework",
      "provider": "provider[\"registry.terraform.io/kreuzwerker/docker\"]",
      "instances": [
        {
          "schema_version": 0,
          "attributes": {
            "build": [],
            "force_remove": null,
            "id": "sha256:97c41735a860eccf42b8fcd60f5ef87efdf2949165c9a34f6f115b639fc92c16tiangolo/uvicorn-gunicorn-fastapi:python3.9-slim",
            "image_id": "sha256:97c41735a860eccf42b8fcd60f5ef87efdf2949165c9a34f6f115b639fc92c16",
            "keep_locally": true,
            "name": "tiangolo/uvicorn-gunicorn-fastapi:python3.9-slim",
            "platform": null,
            "pull_triggers": null,
            "repo_digest": "tiangolo/uvicorn-gunicorn-fastapi@sha256:97c41735a860eccf42b8fcd60f5ef87efdf2949165c9a34f6f115b639fc92c16",
            "timeouts": null,
            "triggers": null
          },
          "sensitive_attributes": [],
          "identity_schema_version": 0,
          "private": "eyJlMmJmYjczMC1lY2FhLTExZTYtOGY4OC0zNDM2M2JjN2M0YzAiOnsiY3JlYXRlIjoxMjAwMDAwMDAwMDAwLCJkZWxldGUiOjEyMDAwMDAwMDAwMDAsInVwZGF0ZSI6MTIwMDAwMDAwMDAwMH19"
        }
      ]
    }
  ],
  "check_results": null
}
